{
    "name": "@reldens/modifiers",
    "version": "0.29.0",
    "lockfileVersion": 2,
    "requires": true,
    "packages": {
        "": {
            "name": "@reldens/modifiers",
            "version": "0.29.0",
            "license": "MIT",
            "dependencies": {
                "@reldens/utils": "^0.52.0"
            }
        },
        "node_modules/@reldens/utils": {
            "version": "0.52.0",
            "resolved": "https://registry.npmjs.org/@reldens/utils/-/utils-0.52.0.tgz",
            "integrity": "sha512-kFP9TT2erH6LJI+ur4KhMcx8QOHAROn8gMLinqhRA+vKXhUdSUGbvGm/P15AC/JS+x6X5Hm1NJaVmf3duEJleg=="
        }
    },
    "dependencies": {
        "@reldens/utils": {
            "version": "0.52.0",
            "resolved": "https://registry.npmjs.org/@reldens/utils/-/utils-0.52.0.tgz",
            "integrity": "sha512-kFP9TT2erH6LJI+ur4KhMcx8QOHAROn8gMLinqhRA+vKXhUdSUGbvGm/P15AC/JS+x6X5Hm1NJaVmf3duEJleg=="
        }
    }
}
