{
    "name": "@reldens/modifiers",
    "version": "0.31.0",
    "lockfileVersion": 2,
    "requires": true,
    "packages": {
        "": {
            "name": "@reldens/modifiers",
            "version": "0.31.0",
            "license": "MIT",
            "dependencies": {
                "@reldens/utils": "^0.53.0"
            }
        },
        "node_modules/@reldens/utils": {
            "version": "0.53.0",
            "resolved": "https://registry.npmjs.org/@reldens/utils/-/utils-0.53.0.tgz",
            "integrity": "sha512-jys6GLL9jrDk+wOmpP+QzvEvnOKiXw0bO6w67Lxb7QkrBPkLEUoLGV5FT9jaidB5h2DAwVctL5Gd1vv7d3FK/A=="
        }
    },
    "dependencies": {
        "@reldens/utils": {
            "version": "0.53.0",
            "resolved": "https://registry.npmjs.org/@reldens/utils/-/utils-0.53.0.tgz",
            "integrity": "sha512-jys6GLL9jrDk+wOmpP+QzvEvnOKiXw0bO6w67Lxb7QkrBPkLEUoLGV5FT9jaidB5h2DAwVctL5Gd1vv7d3FK/A=="
        }
    }
}
